# This file is generated by running "yarn install" inside your project.
# Manual changes might be lost - proceed with caution!

__metadata:
  version: 6
  cacheKey: 8

".ibm@workspace:.":
  version: 0.0.0-use.local
  resolution: ".ibm@workspace:."
  dependencies:
    prettier: 3.6.2
    prettier-plugin-sh: ^0.18.0
    shellcheck: ^4.1.0
  languageName: unknown
  linkType: soft

"@borewit/text-codec@npm:^0.1.0":
  version: 0.1.1
  resolution: "@borewit/text-codec@npm:0.1.1"
  checksum: 94c1fef259292d77c98ad1c2ffa66e366d752153962d37a7999489ada9632a9d36d3fe291759791705b1f501e33cd7b65128d193e0ca8a955107fe5cd8fde548
  languageName: node
  linkType: hard

"@felipecrs/decompress-tarxz@npm:5.0.4":
  version: 5.0.4
  resolution: "@felipecrs/decompress-tarxz@npm:5.0.4"
  dependencies:
    "@xhmikosr/decompress-tar": ^8.1.0
    file-type: ^20.5.0
    is-stream: ^2.0.1
    xz-decompress: ^0.2.3
  checksum: b3715e3d6477a8fb1279d5972166e8de91af299611fd11834907d9dcd56478905180f9070709ee795de4d33a74815de1eb4082be79bb0f3378abb8b6e98deae4
  languageName: node
  linkType: hard

"@reteps/dockerfmt@npm:^0.3.6":
  version: 0.3.6
  resolution: "@reteps/dockerfmt@npm:0.3.6"
  checksum: 701b908e1d89d4657c24eaf54d26842de5817c2261e4634d55285676d232d338429075c8e072bcfad157412a8e7ad94e318fe3833e1e928d68a9eee3714afc64
  languageName: node
  linkType: hard

"@tokenizer/inflate@npm:^0.2.6":
  version: 0.2.7
  resolution: "@tokenizer/inflate@npm:0.2.7"
  dependencies:
    debug: ^4.4.0
    fflate: ^0.8.2
    token-types: ^6.0.0
  checksum: 0c77759d453501aa0509f6c60a3f2ec2ff6db9e33f196d077af719be6c2cc5a6b2c686e425610ed25d6416ddcb7f495a5e9ef689c8df225a80703b03e83aa956
  languageName: node
  linkType: hard

"@tokenizer/token@npm:^0.3.0":
  version: 0.3.0
  resolution: "@tokenizer/token@npm:0.3.0"
  checksum: 1d575d02d2a9f0c5a4ca5180635ebd2ad59e0f18b42a65f3d04844148b49b3db35cf00b6012a1af2d59c2ab3caca59451c5689f747ba8667ee586ad717ee58e1
  languageName: node
  linkType: hard

"@xhmikosr/decompress-tar@npm:^8.1.0":
  version: 8.1.0
  resolution: "@xhmikosr/decompress-tar@npm:8.1.0"
  dependencies:
    file-type: ^20.5.0
    is-stream: ^2.0.1
    tar-stream: ^3.1.7
  checksum: 3cd845a5c6aafeb9a3988e6810513a041202cfe829cdc6a689238279c7ca00aa91f7ec1dc576e2645051b7120c82b7aef5cce5691362d822c1589594648d407f
  languageName: node
  linkType: hard

"@xhmikosr/decompress-unzip@npm:7.1.0":
  version: 7.1.0
  resolution: "@xhmikosr/decompress-unzip@npm:7.1.0"
  dependencies:
    file-type: ^20.5.0
    get-stream: ^6.0.1
    yauzl: ^3.1.2
  checksum: 68e26666a82170d2f862173312ae0005e58fc7f41831484422f17392a32b8999427c477fc1aaf0a889f3110974f56209da405aa56a4bfeefc1c98e5f5591ccea
  languageName: node
  linkType: hard

"available-typed-arrays@npm:^1.0.7":
  version: 1.0.7
  resolution: "available-typed-arrays@npm:1.0.7"
  dependencies:
    possible-typed-array-names: ^1.0.0
  checksum: 1aa3ffbfe6578276996de660848b6e95669d9a95ad149e3dd0c0cda77db6ee1dbd9d1dd723b65b6d277b882dd0c4b91a654ae9d3cf9e1254b7e93e4908d78fd3
  languageName: node
  linkType: hard

"b4a@npm:^1.6.4":
  version: 1.7.1
  resolution: "b4a@npm:1.7.1"
  peerDependencies:
    react-native-b4a: "*"
  peerDependenciesMeta:
    react-native-b4a:
      optional: true
  checksum: 51d3cf021cd71d0a55ee9ee59388c3c6af6d8189227ebf9001d95c6631a7c5802121970726e3f48536ca39577b75ecc15d8271f6bff1e573b350f573f0d8b16f
  languageName: node
  linkType: hard

"bare-events@npm:^2.2.0":
  version: 2.7.0
  resolution: "bare-events@npm:2.7.0"
  checksum: b59dd25b0840560373c22d17e01fb108d6c1a1da0a8eee190c69c9d08b89a50e5a8ec15c2253e86c7f706f41ea4f1bfd9376bdd837e511bac2d6f9cf5331cbd2
  languageName: node
  linkType: hard

"base64-js@npm:^1.3.1":
  version: 1.5.1
  resolution: "base64-js@npm:1.5.1"
  checksum: 669632eb3745404c2f822a18fc3a0122d2f9a7a13f7fb8b5823ee19d1d2ff9ee5b52c53367176ea4ad093c332fd5ab4bd0ebae5a8e27917a4105a4cfc86b1005
  languageName: node
  linkType: hard

"bl@npm:^1.0.0":
  version: 1.2.3
  resolution: "bl@npm:1.2.3"
  dependencies:
    readable-stream: ^2.3.5
    safe-buffer: ^5.1.1
  checksum: 123f097989ce2fa9087ce761cd41176aaaec864e28f7dfe5c7dab8ae16d66d9844f849c3ad688eb357e3c5e4f49b573e3c0780bb8bc937206735a3b6f8569a5f
  languageName: node
  linkType: hard

"boolean@npm:^3.0.1":
  version: 3.2.0
  resolution: "boolean@npm:3.2.0"
  checksum: fb29535b8bf710ef45279677a86d14f5185d604557204abd2ca5fa3fb2a5c80e04d695c8dbf13ab269991977a79bb6c04b048220a6b2a3849853faa94f4a7d77
  languageName: node
  linkType: hard

"buffer-alloc-unsafe@npm:^1.1.0":
  version: 1.1.0
  resolution: "buffer-alloc-unsafe@npm:1.1.0"
  checksum: c5e18bf51f67754ec843c9af3d4c005051aac5008a3992938dda1344e5cfec77c4b02b4ca303644d1e9a6e281765155ce6356d85c6f5ccc5cd21afc868def396
  languageName: node
  linkType: hard

"buffer-alloc@npm:^1.2.0":
  version: 1.2.0
  resolution: "buffer-alloc@npm:1.2.0"
  dependencies:
    buffer-alloc-unsafe: ^1.1.0
    buffer-fill: ^1.0.0
  checksum: 560cd27f3cbe73c614867da373407d4506309c62fe18de45a1ce191f3785ec6ca2488d802ff82065798542422980ca25f903db078c57822218182c37c3576df5
  languageName: node
  linkType: hard

"buffer-crc32@npm:~0.2.3":
  version: 0.2.13
  resolution: "buffer-crc32@npm:0.2.13"
  checksum: 06252347ae6daca3453b94e4b2f1d3754a3b146a111d81c68924c22d91889a40623264e95e67955b1cb4a68cbedf317abeabb5140a9766ed248973096db5ce1c
  languageName: node
  linkType: hard

"buffer-fill@npm:^1.0.0":
  version: 1.0.0
  resolution: "buffer-fill@npm:1.0.0"
  checksum: c29b4723ddeab01e74b5d3b982a0c6828f2ded49cef049ddca3dac661c874ecdbcecb5dd8380cf0f4adbeb8cff90a7de724126750a1f1e5ebd4eb6c59a1315b1
  languageName: node
  linkType: hard

"buffer@npm:^5.2.1":
  version: 5.7.1
  resolution: "buffer@npm:5.7.1"
  dependencies:
    base64-js: ^1.3.1
    ieee754: ^1.1.13
  checksum: e2cf8429e1c4c7b8cbd30834ac09bd61da46ce35f5c22a78e6c2f04497d6d25541b16881e30a019c6fd3154150650ccee27a308eff3e26229d788bbdeb08ab84
  languageName: node
  linkType: hard

"call-bind-apply-helpers@npm:^1.0.0, call-bind-apply-helpers@npm:^1.0.1, call-bind-apply-helpers@npm:^1.0.2":
  version: 1.0.2
  resolution: "call-bind-apply-helpers@npm:1.0.2"
  dependencies:
    es-errors: ^1.3.0
    function-bind: ^1.1.2
  checksum: b2863d74fcf2a6948221f65d95b91b4b2d90cfe8927650b506141e669f7d5de65cea191bf788838bc40d13846b7886c5bc5c84ab96c3adbcf88ad69a72fcdc6b
  languageName: node
  linkType: hard

"call-bind@npm:^1.0.8":
  version: 1.0.8
  resolution: "call-bind@npm:1.0.8"
  dependencies:
    call-bind-apply-helpers: ^1.0.0
    es-define-property: ^1.0.0
    get-intrinsic: ^1.2.4
    set-function-length: ^1.2.2
  checksum: aa2899bce917a5392fd73bd32e71799c37c0b7ab454e0ed13af7f6727549091182aade8bbb7b55f304a5bc436d543241c14090fb8a3137e9875e23f444f4f5a9
  languageName: node
  linkType: hard

"call-bound@npm:^1.0.3, call-bound@npm:^1.0.4":
  version: 1.0.4
  resolution: "call-bound@npm:1.0.4"
  dependencies:
    call-bind-apply-helpers: ^1.0.2
    get-intrinsic: ^1.3.0
  checksum: 2f6399488d1c272f56306ca60ff696575e2b7f31daf23bc11574798c84d9f2759dceb0cb1f471a85b77f28962a7ac6411f51d283ea2e45319009a19b6ccab3b2
  languageName: node
  linkType: hard

"commander@npm:^2.8.1":
  version: 2.20.3
  resolution: "commander@npm:2.20.3"
  checksum: ab8c07884e42c3a8dbc5dd9592c606176c7eb5c1ca5ff274bcf907039b2c41de3626f684ea75ccf4d361ba004bbaff1f577d5384c155f3871e456bdf27becf9e
  languageName: node
  linkType: hard

"core-util-is@npm:~1.0.0":
  version: 1.0.3
  resolution: "core-util-is@npm:1.0.3"
  checksum: 9de8597363a8e9b9952491ebe18167e3b36e7707569eed0ebf14f8bba773611376466ae34575bca8cfe3c767890c859c74056084738f09d4e4a6f902b2ad7d99
  languageName: node
  linkType: hard

"debug@npm:^4.4.0":
  version: 4.4.3
  resolution: "debug@npm:4.4.3"
  dependencies:
    ms: ^2.1.3
  peerDependenciesMeta:
    supports-color:
      optional: true
  checksum: 4805abd570e601acdca85b6aa3757186084a45cff9b2fa6eee1f3b173caa776b45f478b2a71a572d616d2010cea9211d0ac4a02a610e4c18ac4324bde3760834
  languageName: node
  linkType: hard

"decompress-tar@npm:^4.0.0, decompress-tar@npm:^4.1.0, decompress-tar@npm:^4.1.1":
  version: 4.1.1
  resolution: "decompress-tar@npm:4.1.1"
  dependencies:
    file-type: ^5.2.0
    is-stream: ^1.1.0
    tar-stream: ^1.5.2
  checksum: 42d5360b558a28dd884e1bf809e3fea92b9910fda5151add004d4a64cc76ac124e8b3e9117e805f2349af9e49c331d873e6fc5ad86a00e575703fee632b0a225
  languageName: node
  linkType: hard

"decompress-tarbz2@npm:^4.0.0":
  version: 4.1.1
  resolution: "decompress-tarbz2@npm:4.1.1"
  dependencies:
    decompress-tar: ^4.1.0
    file-type: ^6.1.0
    is-stream: ^1.1.0
    seek-bzip: ^1.0.5
    unbzip2-stream: ^1.0.9
  checksum: 519c81337730159a1f2d7072a6ee8523ffd76df48d34f14c27cb0a27f89b4e2acf75dad2f761838e5bc63230cea1ac154b092ecb7504be4e93f7d0e32ddd6aff
  languageName: node
  linkType: hard

"decompress-targz@npm:^4.0.0":
  version: 4.1.1
  resolution: "decompress-targz@npm:4.1.1"
  dependencies:
    decompress-tar: ^4.1.1
    file-type: ^5.2.0
    is-stream: ^1.1.0
  checksum: 22738f58eb034568dc50d370c03b346c428bfe8292fe56165847376b5af17d3c028fefca82db642d79cb094df4c0a599d40a8f294b02aad1d3ddec82f3fd45d4
  languageName: node
  linkType: hard

"decompress-unzip@npm:^4.0.1":
  version: 4.0.1
  resolution: "decompress-unzip@npm:4.0.1"
  dependencies:
    file-type: ^3.8.0
    get-stream: ^2.2.0
    pify: ^2.3.0
    yauzl: ^2.4.2
  checksum: ba9f3204ab2415bedb18d796244928a18148ef40dbb15174d0d01e5991b39536b03d02800a8a389515a1523f8fb13efc7cd44697df758cd06c674879caefd62b
  languageName: node
  linkType: hard

"decompress@npm:4.2.1":
  version: 4.2.1
  resolution: "decompress@npm:4.2.1"
  dependencies:
    decompress-tar: ^4.0.0
    decompress-tarbz2: ^4.0.0
    decompress-targz: ^4.0.0
    decompress-unzip: ^4.0.1
    graceful-fs: ^4.1.10
    make-dir: ^1.0.0
    pify: ^2.3.0
    strip-dirs: ^2.0.0
  checksum: 8247a31c6db7178413715fdfb35a482f019c81dfcd6e8e623d9f0382c9889ce797ce0144de016b256ed03298907a620ce81387cca0e69067a933470081436cb8
  languageName: node
  linkType: hard

"define-data-property@npm:^1.0.1, define-data-property@npm:^1.1.4":
  version: 1.1.4
  resolution: "define-data-property@npm:1.1.4"
  dependencies:
    es-define-property: ^1.0.0
    es-errors: ^1.3.0
    gopd: ^1.0.1
  checksum: 8068ee6cab694d409ac25936eb861eea704b7763f7f342adbdfe337fc27c78d7ae0eff2364b2917b58c508d723c7a074326d068eef2e45c4edcd85cf94d0313b
  languageName: node
  linkType: hard

"define-properties@npm:^1.2.1":
  version: 1.2.1
  resolution: "define-properties@npm:1.2.1"
  dependencies:
    define-data-property: ^1.0.1
    has-property-descriptors: ^1.0.0
    object-keys: ^1.1.1
  checksum: b4ccd00597dd46cb2d4a379398f5b19fca84a16f3374e2249201992f36b30f6835949a9429669ee6b41b6e837205a163eadd745e472069e70dfc10f03e5fcc12
  languageName: node
  linkType: hard

"detect-node@npm:^2.0.4":
  version: 2.1.0
  resolution: "detect-node@npm:2.1.0"
  checksum: 832184ec458353e41533ac9c622f16c19f7c02d8b10c303dfd3a756f56be93e903616c0bb2d4226183c9351c15fc0b3dba41a17a2308262afabcfa3776e6ae6e
  languageName: node
  linkType: hard

"dunder-proto@npm:^1.0.1":
  version: 1.0.1
  resolution: "dunder-proto@npm:1.0.1"
  dependencies:
    call-bind-apply-helpers: ^1.0.1
    es-errors: ^1.3.0
    gopd: ^1.2.0
  checksum: 149207e36f07bd4941921b0ca929e3a28f1da7bd6b6ff8ff7f4e2f2e460675af4576eeba359c635723dc189b64cdd4787e0255897d5b135ccc5d15cb8685fc90
  languageName: node
  linkType: hard

"end-of-stream@npm:^1.0.0":
  version: 1.4.5
  resolution: "end-of-stream@npm:1.4.5"
  dependencies:
    once: ^1.4.0
  checksum: 1e0cfa6e7f49887544e03314f9dfc56a8cb6dde910cbb445983ecc2ff426fc05946df9d75d8a21a3a64f2cecfe1bf88f773952029f46756b2ed64a24e95b1fb8
  languageName: node
  linkType: hard

"envalid@npm:8.1.0":
  version: 8.1.0
  resolution: "envalid@npm:8.1.0"
  dependencies:
    tslib: 2.8.1
  checksum: d231e4baf6ae23f0873ae25d9d9761ad72bb6bcc68951538e77af0274b83118de57ce766bef28ceb1ca26d66bb1c74d9f683ada6ff2cc8710f348b8d09323c20
  languageName: node
  linkType: hard

"es-define-property@npm:^1.0.0, es-define-property@npm:^1.0.1":
  version: 1.0.1
  resolution: "es-define-property@npm:1.0.1"
  checksum: 0512f4e5d564021c9e3a644437b0155af2679d10d80f21adaf868e64d30efdfbd321631956f20f42d655fedb2e3a027da479fad3fa6048f768eb453a80a5f80a
  languageName: node
  linkType: hard

"es-errors@npm:^1.3.0":
  version: 1.3.0
  resolution: "es-errors@npm:1.3.0"
  checksum: ec1414527a0ccacd7f15f4a3bc66e215f04f595ba23ca75cdae0927af099b5ec865f9f4d33e9d7e86f512f252876ac77d4281a7871531a50678132429b1271b5
  languageName: node
  linkType: hard

"es-object-atoms@npm:^1.0.0, es-object-atoms@npm:^1.1.1":
  version: 1.1.1
  resolution: "es-object-atoms@npm:1.1.1"
  dependencies:
    es-errors: ^1.3.0
  checksum: 214d3767287b12f36d3d7267ef342bbbe1e89f899cfd67040309fc65032372a8e60201410a99a1645f2f90c1912c8c49c8668066f6bdd954bcd614dda2e3da97
  languageName: node
  linkType: hard

"es6-error@npm:^4.1.1":
  version: 4.1.1
  resolution: "es6-error@npm:4.1.1"
  checksum: ae41332a51ec1323da6bbc5d75b7803ccdeddfae17c41b6166ebbafc8e8beb7a7b80b884b7fab1cc80df485860ac3c59d78605e860bb4f8cd816b3d6ade0d010
  languageName: node
  linkType: hard

"escape-string-regexp@npm:^4.0.0":
  version: 4.0.0
  resolution: "escape-string-regexp@npm:4.0.0"
  checksum: 98b48897d93060f2322108bf29db0feba7dd774be96cd069458d1453347b25ce8682ecc39859d4bca2203cc0ab19c237bcc71755eff49a0f8d90beadeeba5cc5
  languageName: node
  linkType: hard

"fast-fifo@npm:^1.2.0, fast-fifo@npm:^1.3.2":
  version: 1.3.2
  resolution: "fast-fifo@npm:1.3.2"
  checksum: 6bfcba3e4df5af7be3332703b69a7898a8ed7020837ec4395bb341bd96cc3a6d86c3f6071dd98da289618cf2234c70d84b2a6f09a33dd6f988b1ff60d8e54275
  languageName: node
  linkType: hard

"fd-slicer@npm:~1.1.0":
  version: 1.1.0
  resolution: "fd-slicer@npm:1.1.0"
  dependencies:
    pend: ~1.2.0
  checksum: c8585fd5713f4476eb8261150900d2cb7f6ff2d87f8feb306ccc8a1122efd152f1783bdb2b8dc891395744583436bfd8081d8e63ece0ec8687eeefea394d4ff2
  languageName: node
  linkType: hard

"fflate@npm:^0.8.2":
  version: 0.8.2
  resolution: "fflate@npm:0.8.2"
  checksum: 29470337b85d3831826758e78f370e15cda3169c5cd4477c9b5eea2402261a74b2975bae816afabe1c15d21d98591e0d30a574f7103aa117bff60756fa3035d4
  languageName: node
  linkType: hard

"file-type@npm:^20.5.0":
  version: 20.5.0
  resolution: "file-type@npm:20.5.0"
  dependencies:
    "@tokenizer/inflate": ^0.2.6
    strtok3: ^10.2.0
    token-types: ^6.0.0
    uint8array-extras: ^1.4.0
  checksum: 6e7ee661e0c189a8c0b3e2f38afed999f3cb9154cd8f3cbdecc526d5734697b0197c92981c319a233c40c5d7b2785b80e6cc3284b8f3803e046e609fbe006a97
  languageName: node
  linkType: hard

"file-type@npm:^3.8.0":
  version: 3.9.0
  resolution: "file-type@npm:3.9.0"
  checksum: 1db70b2485ac77c4edb4b8753c1874ee6194123533f43c2651820f96b518f505fa570b093fedd6672eb105ba9fb89c62f84b6492e46788e39c3447aed37afa2d
  languageName: node
  linkType: hard

"file-type@npm:^5.2.0":
  version: 5.2.0
  resolution: "file-type@npm:5.2.0"
  checksum: b2b21c7fc3cfb3c6a3a18b0d5d7233b74d8c17d82757655766573951daf42962a5c809e5fc3637675b237c558ebc67e4958fb2cc5a4ad407bc545aaa40001c74
  languageName: node
  linkType: hard

"file-type@npm:^6.1.0":
  version: 6.2.0
  resolution: "file-type@npm:6.2.0"
  checksum: 749540cefcd4959121eb83e373ed84e49b2e5a510aa5d598b725bd772dd306ae41fd00d3162ae3f6563b4db5cfafbbd0df321de3f20c17e20a8c56431ae55e58
  languageName: node
  linkType: hard

"for-each@npm:^0.3.5":
  version: 0.3.5
  resolution: "for-each@npm:0.3.5"
  dependencies:
    is-callable: ^1.2.7
  checksum: 3c986d7e11f4381237cc98baa0a2f87eabe74719eee65ed7bed275163082b940ede19268c61d04c6260e0215983b12f8d885e3c8f9aa8c2113bf07c37051745c
  languageName: node
  linkType: hard

"fs-constants@npm:^1.0.0":
  version: 1.0.0
  resolution: "fs-constants@npm:1.0.0"
  checksum: 18f5b718371816155849475ac36c7d0b24d39a11d91348cfcb308b4494824413e03572c403c86d3a260e049465518c4f0d5bd00f0371cdfcad6d4f30a85b350d
  languageName: node
  linkType: hard

"function-bind@npm:^1.1.2":
  version: 1.1.2
  resolution: "function-bind@npm:1.1.2"
  checksum: 2b0ff4ce708d99715ad14a6d1f894e2a83242e4a52ccfcefaee5e40050562e5f6dafc1adbb4ce2d4ab47279a45dc736ab91ea5042d843c3c092820dfe032efb1
  languageName: node
  linkType: hard

"get-intrinsic@npm:^1.2.4, get-intrinsic@npm:^1.3.0":
  version: 1.3.0
  resolution: "get-intrinsic@npm:1.3.0"
  dependencies:
    call-bind-apply-helpers: ^1.0.2
    es-define-property: ^1.0.1
    es-errors: ^1.3.0
    es-object-atoms: ^1.1.1
    function-bind: ^1.1.2
    get-proto: ^1.0.1
    gopd: ^1.2.0
    has-symbols: ^1.1.0
    hasown: ^2.0.2
    math-intrinsics: ^1.1.0
  checksum: 301008e4482bb9a9cb49e132b88fee093bff373b4e6def8ba219b1e96b60158a6084f273ef5cafe832e42cd93462f4accb46a618d35fe59a2b507f2388c5b79d
  languageName: node
  linkType: hard

"get-proto@npm:^1.0.1":
  version: 1.0.1
  resolution: "get-proto@npm:1.0.1"
  dependencies:
    dunder-proto: ^1.0.1
    es-object-atoms: ^1.0.0
  checksum: 4fc96afdb58ced9a67558698b91433e6b037aaa6f1493af77498d7c85b141382cf223c0e5946f334fb328ee85dfe6edd06d218eaf09556f4bc4ec6005d7f5f7b
  languageName: node
  linkType: hard

"get-stream@npm:^2.2.0":
  version: 2.3.1
  resolution: "get-stream@npm:2.3.1"
  dependencies:
    object-assign: ^4.0.1
    pinkie-promise: ^2.0.0
  checksum: d82c86556e131ba7bef00233aa0aa7a51230e6deac11a971ce0f47cd43e2a5e968a3e3914cd082f07cd0d69425653b2f96735b0a7d5c5c03fef3ab857a531367
  languageName: node
  linkType: hard

"get-stream@npm:^6.0.1":
  version: 6.0.1
  resolution: "get-stream@npm:6.0.1"
  checksum: e04ecece32c92eebf5b8c940f51468cd53554dcbb0ea725b2748be583c9523d00128137966afce410b9b051eb2ef16d657cd2b120ca8edafcf5a65e81af63cad
  languageName: node
  linkType: hard

"global-agent@npm:3.0.0":
  version: 3.0.0
  resolution: "global-agent@npm:3.0.0"
  dependencies:
    boolean: ^3.0.1
    es6-error: ^4.1.1
    matcher: ^3.0.0
    roarr: ^2.15.3
    semver: ^7.3.2
    serialize-error: ^7.0.1
  checksum: 75074d80733b4bd5386c47f5df028e798018025beac0ab310e9908c72bf5639e408203e7bca0130d5ee01b5f4abc6d34385d96a9f950ea5fe1979bb431c808f7
  languageName: node
  linkType: hard

"globalthis@npm:^1.0.1":
  version: 1.0.4
  resolution: "globalthis@npm:1.0.4"
  dependencies:
    define-properties: ^1.2.1
    gopd: ^1.0.1
  checksum: 39ad667ad9f01476474633a1834a70842041f70a55571e8dcef5fb957980a92da5022db5430fca8aecc5d47704ae30618c0bc877a579c70710c904e9ef06108a
  languageName: node
  linkType: hard

"gopd@npm:^1.0.1, gopd@npm:^1.2.0":
  version: 1.2.0
  resolution: "gopd@npm:1.2.0"
  checksum: cc6d8e655e360955bdccaca51a12a474268f95bb793fc3e1f2bdadb075f28bfd1fd988dab872daf77a61d78cbaf13744bc8727a17cfb1d150d76047d805375f3
  languageName: node
  linkType: hard

"graceful-fs@npm:^4.1.10":
  version: 4.2.11
  resolution: "graceful-fs@npm:4.2.11"
  checksum: ac85f94da92d8eb6b7f5a8b20ce65e43d66761c55ce85ac96df6865308390da45a8d3f0296dd3a663de65d30ba497bd46c696cc1e248c72b13d6d567138a4fc7
  languageName: node
  linkType: hard

"has-property-descriptors@npm:^1.0.0, has-property-descriptors@npm:^1.0.2":
  version: 1.0.2
  resolution: "has-property-descriptors@npm:1.0.2"
  dependencies:
    es-define-property: ^1.0.0
  checksum: fcbb246ea2838058be39887935231c6d5788babed499d0e9d0cc5737494c48aba4fe17ba1449e0d0fbbb1e36175442faa37f9c427ae357d6ccb1d895fbcd3de3
  languageName: node
  linkType: hard

"has-symbols@npm:^1.0.3, has-symbols@npm:^1.1.0":
  version: 1.1.0
  resolution: "has-symbols@npm:1.1.0"
  checksum: b2316c7302a0e8ba3aaba215f834e96c22c86f192e7310bdf689dd0e6999510c89b00fbc5742571507cebf25764d68c988b3a0da217369a73596191ac0ce694b
  languageName: node
  linkType: hard

"has-tostringtag@npm:^1.0.2":
  version: 1.0.2
  resolution: "has-tostringtag@npm:1.0.2"
  dependencies:
    has-symbols: ^1.0.3
  checksum: 999d60bb753ad714356b2c6c87b7fb74f32463b8426e159397da4bde5bca7e598ab1073f4d8d4deafac297f2eb311484cd177af242776bf05f0d11565680468d
  languageName: node
  linkType: hard

"hasown@npm:^2.0.2":
  version: 2.0.2
  resolution: "hasown@npm:2.0.2"
  dependencies:
    function-bind: ^1.1.2
  checksum: e8516f776a15149ca6c6ed2ae3110c417a00b62260e222590e54aa367cbcd6ed99122020b37b7fbdf05748df57b265e70095d7bf35a47660587619b15ffb93db
  languageName: node
  linkType: hard

"ieee754@npm:^1.1.13, ieee754@npm:^1.2.1":
  version: 1.2.1
  resolution: "ieee754@npm:1.2.1"
  checksum: 5144c0c9815e54ada181d80a0b810221a253562422e7c6c3a60b1901154184f49326ec239d618c416c1c5945a2e197107aee8d986a3dd836b53dffefd99b5e7e
  languageName: node
  linkType: hard

"inherits@npm:~2.0.3":
  version: 2.0.4
  resolution: "inherits@npm:2.0.4"
  checksum: 4a48a733847879d6cf6691860a6b1e3f0f4754176e4d71494c41f3475553768b10f84b5ce1d40fbd0e34e6bfbb864ee35858ad4dd2cf31e02fc4a154b724d7f1
  languageName: node
  linkType: hard

"is-callable@npm:^1.2.7":
  version: 1.2.7
  resolution: "is-callable@npm:1.2.7"
  checksum: 61fd57d03b0d984e2ed3720fb1c7a897827ea174bd44402878e059542ea8c4aeedee0ea0985998aa5cc2736b2fa6e271c08587addb5b3959ac52cf665173d1ac
  languageName: node
  linkType: hard

"is-natural-number@npm:^4.0.1":
  version: 4.0.1
  resolution: "is-natural-number@npm:4.0.1"
  checksum: 3e5e3d52e0dfa4fea923b5d2b8a5cdbd9bf110c4598d30304b98528b02f40c9058a2abf1bae10bcbaf2bac18ace41cff7bc9673aff339f8c8297fae74ae0e75d
  languageName: node
  linkType: hard

"is-stream@npm:^1.1.0":
  version: 1.1.0
  resolution: "is-stream@npm:1.1.0"
  checksum: 063c6bec9d5647aa6d42108d4c59723d2bd4ae42135a2d4db6eadbd49b7ea05b750fd69d279e5c7c45cf9da753ad2c00d8978be354d65aa9f6bb434969c6a2ae
  languageName: node
  linkType: hard

"is-stream@npm:^2.0.1":
  version: 2.0.1
  resolution: "is-stream@npm:2.0.1"
  checksum: b8e05ccdf96ac330ea83c12450304d4a591f9958c11fd17bed240af8d5ffe08aedafa4c0f4cfccd4d28dc9d4d129daca1023633d5c11601a6cbc77521f6fae66
  languageName: node
  linkType: hard

"is-typed-array@npm:^1.1.14":
  version: 1.1.15
  resolution: "is-typed-array@npm:1.1.15"
  dependencies:
    which-typed-array: ^1.1.16
  checksum: ea7cfc46c282f805d19a9ab2084fd4542fed99219ee9dbfbc26284728bd713a51eac66daa74eca00ae0a43b61322920ba334793607dc39907465913e921e0892
  languageName: node
  linkType: hard

"isarray@npm:^2.0.5":
  version: 2.0.5
  resolution: "isarray@npm:2.0.5"
  checksum: bd5bbe4104438c4196ba58a54650116007fa0262eccef13a4c55b2e09a5b36b59f1e75b9fcc49883dd9d4953892e6fc007eef9e9155648ceea036e184b0f930a
  languageName: node
  linkType: hard

"isarray@npm:~1.0.0":
  version: 1.0.0
  resolution: "isarray@npm:1.0.0"
  checksum: f032df8e02dce8ec565cf2eb605ea939bdccea528dbcf565cdf92bfa2da9110461159d86a537388ef1acef8815a330642d7885b29010e8f7eac967c9993b65ab
  languageName: node
  linkType: hard

"json-stringify-safe@npm:^5.0.1":
  version: 5.0.1
  resolution: "json-stringify-safe@npm:5.0.1"
  checksum: 48ec0adad5280b8a96bb93f4563aa1667fd7a36334f79149abd42446d0989f2ddc58274b479f4819f1f00617957e6344c886c55d05a4e15ebb4ab931e4a6a8ee
  languageName: node
  linkType: hard

"make-dir@npm:^1.0.0":
  version: 1.3.0
  resolution: "make-dir@npm:1.3.0"
  dependencies:
    pify: ^3.0.0
  checksum: c564f6e7bb5ace1c02ad56b3a5f5e07d074af0c0b693c55c7b2c2b148882827c8c2afc7b57e43338a9f90c125b58d604e8cf3e6990a48bf949dfea8c79668c0b
  languageName: node
  linkType: hard

"matcher@npm:^3.0.0":
  version: 3.0.0
  resolution: "matcher@npm:3.0.0"
  dependencies:
    escape-string-regexp: ^4.0.0
  checksum: 8bee1a7ab7609c2c21d9c9254b6785fa708eadf289032b556d57a34e98fcd4c537659a004dafee6ce80ab157099e645c199dc52678dff1e7fb0a6684e0da4dbe
  languageName: node
  linkType: hard

"math-intrinsics@npm:^1.1.0":
  version: 1.1.0
  resolution: "math-intrinsics@npm:1.1.0"
  checksum: 0e513b29d120f478c85a70f49da0b8b19bc638975eca466f2eeae0071f3ad00454c621bf66e16dd435896c208e719fc91ad79bbfba4e400fe0b372e7c1c9c9a2
  languageName: node
  linkType: hard

"ms@npm:^2.1.3":
  version: 2.1.3
  resolution: "ms@npm:2.1.3"
  checksum: aa92de608021b242401676e35cfa5aa42dd70cbdc082b916da7fb925c542173e36bce97ea3e804923fe92c0ad991434e4a38327e15a1b5b5f945d66df615ae6d
  languageName: node
  linkType: hard

"object-assign@npm:^4.0.1":
  version: 4.1.1
  resolution: "object-assign@npm:4.1.1"
  checksum: fcc6e4ea8c7fe48abfbb552578b1c53e0d194086e2e6bbbf59e0a536381a292f39943c6e9628af05b5528aa5e3318bb30d6b2e53cadaf5b8fe9e12c4b69af23f
  languageName: node
  linkType: hard

"object-keys@npm:^1.1.1":
  version: 1.1.1
  resolution: "object-keys@npm:1.1.1"
  checksum: b363c5e7644b1e1b04aa507e88dcb8e3a2f52b6ffd0ea801e4c7a62d5aa559affe21c55a07fd4b1fd55fc03a33c610d73426664b20032405d7b92a1414c34d6a
  languageName: node
  linkType: hard

"once@npm:^1.4.0":
  version: 1.4.0
  resolution: "once@npm:1.4.0"
  dependencies:
    wrappy: 1
  checksum: cd0a88501333edd640d95f0d2700fbde6bff20b3d4d9bdc521bdd31af0656b5706570d6c6afe532045a20bb8dc0849f8332d6f2a416e0ba6d3d3b98806c7db68
  languageName: node
  linkType: hard

"pend@npm:~1.2.0":
  version: 1.2.0
  resolution: "pend@npm:1.2.0"
  checksum: 6c72f5243303d9c60bd98e6446ba7d30ae29e3d56fdb6fae8767e8ba6386f33ee284c97efe3230a0d0217e2b1723b8ab490b1bbf34fcbb2180dbc8a9de47850d
  languageName: node
  linkType: hard

"pify@npm:^2.3.0":
  version: 2.3.0
  resolution: "pify@npm:2.3.0"
  checksum: 9503aaeaf4577acc58642ad1d25c45c6d90288596238fb68f82811c08104c800e5a7870398e9f015d82b44ecbcbef3dc3d4251a1cbb582f6e5959fe09884b2ba
  languageName: node
  linkType: hard

"pify@npm:^3.0.0":
  version: 3.0.0
  resolution: "pify@npm:3.0.0"
  checksum: 6cdcbc3567d5c412450c53261a3f10991665d660961e06605decf4544a61a97a54fefe70a68d5c37080ff9d6f4cf51444c90198d1ba9f9309a6c0d6e9f5c4fde
  languageName: node
  linkType: hard

"pinkie-promise@npm:^2.0.0":
  version: 2.0.1
  resolution: "pinkie-promise@npm:2.0.1"
  dependencies:
    pinkie: ^2.0.0
  checksum: b53a4a2e73bf56b6f421eef711e7bdcb693d6abb474d57c5c413b809f654ba5ee750c6a96dd7225052d4b96c4d053cdcb34b708a86fceed4663303abee52fcca
  languageName: node
  linkType: hard

"pinkie@npm:^2.0.0":
  version: 2.0.4
  resolution: "pinkie@npm:2.0.4"
  checksum: b12b10afea1177595aab036fc220785488f67b4b0fc49e7a27979472592e971614fa1c728e63ad3e7eb748b4ec3c3dbd780819331dad6f7d635c77c10537b9db
  languageName: node
  linkType: hard

"possible-typed-array-names@npm:^1.0.0":
  version: 1.1.0
  resolution: "possible-typed-array-names@npm:1.1.0"
  checksum: cfcd4f05264eee8fd184cd4897a17890561d1d473434b43ab66ad3673d9c9128981ec01e0cb1d65a52cd6b1eebfb2eae1e53e39b2e0eca86afc823ede7a4f41b
  languageName: node
  linkType: hard

"prettier-plugin-sh@npm:^0.18.0":
  version: 0.18.0
  resolution: "prettier-plugin-sh@npm:0.18.0"
  dependencies:
    "@reteps/dockerfmt": ^0.3.6
    sh-syntax: ^0.5.8
  peerDependencies:
    prettier: ^3.6.0
  checksum: 32a5399a7c70ac1ec30d4561d2a8970ab3e0f1c8c0a5b8d5fbc3ffd8c15cf01052e33691c848fbf4ea45cd1995c9ca0a8cdeee25c9ba6fc00cf5825fa5da06c2
  languageName: node
  linkType: hard

"prettier@npm:3.6.2":
  version: 3.6.2
  resolution: "prettier@npm:3.6.2"
  bin:
    prettier: bin/prettier.cjs
  checksum: 0206f5f437892e8858f298af8850bf9d0ef1c22e21107a213ba56bfb9c2387a2020bfda244a20161d8e3dad40c6b04101609a55d370dece53d0a31893b64f861
  languageName: node
  linkType: hard

"process-nextick-args@npm:~2.0.0":
  version: 2.0.1
  resolution: "process-nextick-args@npm:2.0.1"
  checksum: 1d38588e520dab7cea67cbbe2efdd86a10cc7a074c09657635e34f035277b59fbb57d09d8638346bf7090f8e8ebc070c96fa5fd183b777fff4f5edff5e9466cf
  languageName: node
  linkType: hard

"readable-stream@npm:^2.3.0, readable-stream@npm:^2.3.5":
  version: 2.3.8
  resolution: "readable-stream@npm:2.3.8"
  dependencies:
    core-util-is: ~1.0.0
    inherits: ~2.0.3
    isarray: ~1.0.0
    process-nextick-args: ~2.0.0
    safe-buffer: ~5.1.1
    string_decoder: ~1.1.1
    util-deprecate: ~1.0.1
  checksum: 65645467038704f0c8aaf026a72fbb588a9e2ef7a75cd57a01702ee9db1c4a1e4b03aaad36861a6a0926546a74d174149c8c207527963e0c2d3eee2f37678a42
  languageName: node
  linkType: hard

"roarr@npm:^2.15.3":
  version: 2.15.4
  resolution: "roarr@npm:2.15.4"
  dependencies:
    boolean: ^3.0.1
    detect-node: ^2.0.4
    globalthis: ^1.0.1
    json-stringify-safe: ^5.0.1
    semver-compare: ^1.0.0
    sprintf-js: ^1.1.2
  checksum: 682e28d5491e3ae99728a35ba188f4f0ccb6347dbd492f95dc9f4bfdfe8ee63d8203ad234766ee2db88c8d7a300714304976eb095ce5c9366fe586c03a21586c
  languageName: node
  linkType: hard

"safe-buffer@npm:^5.1.1, safe-buffer@npm:^5.2.1":
  version: 5.2.1
  resolution: "safe-buffer@npm:5.2.1"
  checksum: b99c4b41fdd67a6aaf280fcd05e9ffb0813654894223afb78a31f14a19ad220bba8aba1cb14eddce1fcfb037155fe6de4e861784eb434f7d11ed58d1e70dd491
  languageName: node
  linkType: hard

"safe-buffer@npm:~5.1.0, safe-buffer@npm:~5.1.1":
  version: 5.1.2
  resolution: "safe-buffer@npm:5.1.2"
  checksum: f2f1f7943ca44a594893a852894055cf619c1fbcb611237fc39e461ae751187e7baf4dc391a72125e0ac4fb2d8c5c0b3c71529622e6a58f46b960211e704903c
  languageName: node
  linkType: hard

"seek-bzip@npm:^1.0.5":
  version: 1.0.6
  resolution: "seek-bzip@npm:1.0.6"
  dependencies:
    commander: ^2.8.1
  bin:
    seek-bunzip: bin/seek-bunzip
    seek-table: bin/seek-bzip-table
  checksum: c2ab3291e7085558499efd4e99d1466ee6782f6c4a4e4c417aa859e1cd2f5117fb3b5444f3d27c38ec5908c0f0312e2a0bc69dff087751f97b3921b5bde4f9ed
  languageName: node
  linkType: hard

"semver-compare@npm:^1.0.0":
  version: 1.0.0
  resolution: "semver-compare@npm:1.0.0"
  checksum: dd1d7e2909744cf2cf71864ac718efc990297f9de2913b68e41a214319e70174b1d1793ac16e31183b128c2b9812541300cb324db8168e6cf6b570703b171c68
  languageName: node
  linkType: hard

"semver@npm:^7.3.2":
  version: 7.7.2
  resolution: "semver@npm:7.7.2"
  bin:
    semver: bin/semver.js
  checksum: dd94ba8f1cbc903d8eeb4dd8bf19f46b3deb14262b6717d0de3c804b594058ae785ef2e4b46c5c3b58733c99c83339068203002f9e37cfe44f7e2cc5e3d2f621
  languageName: node
  linkType: hard

"serialize-error@npm:^7.0.1":
  version: 7.0.1
  resolution: "serialize-error@npm:7.0.1"
  dependencies:
    type-fest: ^0.13.1
  checksum: e0aba4dca2fc9fe74ae1baf38dbd99190e1945445a241ba646290f2176cdb2032281a76443b02ccf0caf30da5657d510746506368889a593b9835a497fc0732e
  languageName: node
  linkType: hard

"set-function-length@npm:^1.2.2":
  version: 1.2.2
  resolution: "set-function-length@npm:1.2.2"
  dependencies:
    define-data-property: ^1.1.4
    es-errors: ^1.3.0
    function-bind: ^1.1.2
    get-intrinsic: ^1.2.4
    gopd: ^1.0.1
    has-property-descriptors: ^1.0.2
  checksum: a8248bdacdf84cb0fab4637774d9fb3c7a8e6089866d04c817583ff48e14149c87044ce683d7f50759a8c50fb87c7a7e173535b06169c87ef76f5fb276dfff72
  languageName: node
  linkType: hard

"sh-syntax@npm:^0.5.8":
  version: 0.5.8
  resolution: "sh-syntax@npm:0.5.8"
  dependencies:
    tslib: ^2.8.1
  checksum: 18fba5785dd3966cec2533dc9e7a625ef3af5851ce15d9db505c0c4294d513c54ff89bf4d0e52ff35da8116ef80d1a65a8d2b2351a0bd8cdeee27b223027531c
  languageName: node
  linkType: hard

"shellcheck@npm:^4.1.0":
  version: 4.1.0
  resolution: "shellcheck@npm:4.1.0"
  dependencies:
    "@felipecrs/decompress-tarxz": 5.0.4
    "@xhmikosr/decompress-unzip": 7.1.0
    decompress: 4.2.1
    envalid: 8.1.0
    global-agent: 3.0.0
  bin:
    shellcheck: bin/shellcheck.js
  checksum: e0f6643cfd5d2793f0e2d2863fba191c7ca2c0241c2eef1483b7fc1ed21f15a0d105598adcbc39b5f186fe746da01c19882e86ecc02f955fbec264d830b289fd
  languageName: node
  linkType: hard

"sprintf-js@npm:^1.1.2":
  version: 1.1.3
  resolution: "sprintf-js@npm:1.1.3"
  checksum: a3fdac7b49643875b70864a9d9b469d87a40dfeaf5d34d9d0c5b1cda5fd7d065531fcb43c76357d62254c57184a7b151954156563a4d6a747015cfb41021cad0
  languageName: node
  linkType: hard

"streamx@npm:^2.15.0":
  version: 2.22.1
  resolution: "streamx@npm:2.22.1"
  dependencies:
    bare-events: ^2.2.0
    fast-fifo: ^1.3.2
    text-decoder: ^1.1.0
  dependenciesMeta:
    bare-events:
      optional: true
  checksum: 26e66c75eca24bf00c0fe8392a67c5c5783450e2596a5bb598c25fd51241c42aaaa64c31ff89c97cdf77ee7c9e915d5e201bc0dd4f8d949ec0c66dad6bf7cd91
  languageName: node
  linkType: hard

"string_decoder@npm:~1.1.1":
  version: 1.1.1
  resolution: "string_decoder@npm:1.1.1"
  dependencies:
    safe-buffer: ~5.1.0
  checksum: 9ab7e56f9d60a28f2be697419917c50cac19f3e8e6c28ef26ed5f4852289fe0de5d6997d29becf59028556f2c62983790c1d9ba1e2a3cc401768ca12d5183a5b
  languageName: node
  linkType: hard

"strip-dirs@npm:^2.0.0":
  version: 2.1.0
  resolution: "strip-dirs@npm:2.1.0"
  dependencies:
    is-natural-number: ^4.0.1
  checksum: 9465547d71d8819daa7a5c9d4d783289ed8eac72eb06bd687bed382ce62af8ab8e6ffbda229805f5d2e71acce2ca4915e781c94190d284994cbc0b7cdc8303cc
  languageName: node
  linkType: hard

"strtok3@npm:^10.2.0":
  version: 10.3.4
  resolution: "strtok3@npm:10.3.4"
  dependencies:
    "@tokenizer/token": ^0.3.0
  checksum: 7faf008cdf7f96c3d066d349116affbd5e5a49da0f03520299a9a04ad55d57b338d368231d469a64d358a86a03c2a0a3b67d61aa124000c941f65093ada9ae98
  languageName: node
  linkType: hard

"tar-stream@npm:^1.5.2":
  version: 1.6.2
  resolution: "tar-stream@npm:1.6.2"
  dependencies:
    bl: ^1.0.0
    buffer-alloc: ^1.2.0
    end-of-stream: ^1.0.0
    fs-constants: ^1.0.0
    readable-stream: ^2.3.0
    to-buffer: ^1.1.1
    xtend: ^4.0.0
  checksum: a5d49e232d3e33321bbd150381b6a4e5046bf12b1c2618acb95435b7871efde4d98bd1891eb2200478a7142ef7e304e033eb29bbcbc90451a2cdfa1890e05245
  languageName: node
  linkType: hard

"tar-stream@npm:^3.1.7":
  version: 3.1.7
  resolution: "tar-stream@npm:3.1.7"
  dependencies:
    b4a: ^1.6.4
    fast-fifo: ^1.2.0
    streamx: ^2.15.0
  checksum: 6393a6c19082b17b8dcc8e7fd349352bb29b4b8bfe1075912b91b01743ba6bb4298f5ff0b499a3bbaf82121830e96a1a59d4f21a43c0df339e54b01789cb8cc6
  languageName: node
  linkType: hard

"text-decoder@npm:^1.1.0":
  version: 1.2.3
  resolution: "text-decoder@npm:1.2.3"
  dependencies:
    b4a: ^1.6.4
  checksum: d7642a61f9d72330eac52ff6b6e8d34dea03ebbb1e82749a8734e7892e246cf262ed70730d20c4351c5dc5334297b9cc6c0b6a8725a204a63a197d7728bb35e5
  languageName: node
  linkType: hard

"through@npm:^2.3.8":
  version: 2.3.8
  resolution: "through@npm:2.3.8"
  checksum: a38c3e059853c494af95d50c072b83f8b676a9ba2818dcc5b108ef252230735c54e0185437618596c790bbba8fcdaef5b290405981ffa09dce67b1f1bf190cbd
  languageName: node
  linkType: hard

"to-buffer@npm:^1.1.1":
  version: 1.2.1
  resolution: "to-buffer@npm:1.2.1"
  dependencies:
    isarray: ^2.0.5
    safe-buffer: ^5.2.1
    typed-array-buffer: ^1.0.3
  checksum: a683dcf19bea02ed6af477513248d514b7590641170c2d64dd2b235bd9896193b0aea5f46ab64f50b787562aafce421569db6e44230b95beb8fb675a9169464b
  languageName: node
  linkType: hard

"token-types@npm:^6.0.0":
  version: 6.1.1
  resolution: "token-types@npm:6.1.1"
  dependencies:
    "@borewit/text-codec": ^0.1.0
    "@tokenizer/token": ^0.3.0
    ieee754: ^1.2.1
  checksum: a4d79dfa5bdfe546d28d8ba1374b7e77ceb2da7b44ce13c643d5af06e37aac26e0e6ec59a7d4b1ecfbfc78c13baca00f36fc6f1bb8e8a1f050465340f61d2df7
  languageName: node
  linkType: hard

"tslib@npm:2.8.1, tslib@npm:^2.8.1":
  version: 2.8.1
  resolution: "tslib@npm:2.8.1"
  checksum: e4aba30e632b8c8902b47587fd13345e2827fa639e7c3121074d5ee0880723282411a8838f830b55100cbe4517672f84a2472667d355b81e8af165a55dc6203a
  languageName: node
  linkType: hard

"type-fest@npm:^0.13.1":
  version: 0.13.1
  resolution: "type-fest@npm:0.13.1"
  checksum: e6bf2e3c449f27d4ef5d56faf8b86feafbc3aec3025fc9a5fbe2db0a2587c44714521f9c30d8516a833c8c506d6263f5cc11267522b10c6ccdb6cc55b0a9d1c4
  languageName: node
  linkType: hard

"typed-array-buffer@npm:^1.0.3":
  version: 1.0.3
  resolution: "typed-array-buffer@npm:1.0.3"
  dependencies:
    call-bound: ^1.0.3
    es-errors: ^1.3.0
    is-typed-array: ^1.1.14
  checksum: 3fb91f0735fb413b2bbaaca9fabe7b8fc14a3fa5a5a7546bab8a57e755be0e3788d893195ad9c2b842620592de0e68d4c077d4c2c41f04ec25b8b5bb82fa9a80
  languageName: node
  linkType: hard

"uint8array-extras@npm:^1.4.0":
  version: 1.5.0
  resolution: "uint8array-extras@npm:1.5.0"
  checksum: e7fb42b57e73a5891fe3d5358ca6ac2e2db8e8666b1621220319e2dd0523965cd35562a8171c3e9b2ff26693cc658dc5bc1256e6f4935e4e4c13070d779bf76e
  languageName: node
  linkType: hard

"unbzip2-stream@npm:^1.0.9":
  version: 1.4.3
  resolution: "unbzip2-stream@npm:1.4.3"
  dependencies:
    buffer: ^5.2.1
    through: ^2.3.8
  checksum: 0e67c4a91f4fa0fc7b4045f8b914d3498c2fc2e8c39c359977708ec85ac6d6029840e97f508675fdbdf21fcb8d276ca502043406f3682b70f075e69aae626d1d
  languageName: node
  linkType: hard

"util-deprecate@npm:~1.0.1":
  version: 1.0.2
  resolution: "util-deprecate@npm:1.0.2"
  checksum: 474acf1146cb2701fe3b074892217553dfcf9a031280919ba1b8d651a068c9b15d863b7303cb15bd00a862b498e6cf4ad7b4a08fb134edd5a6f7641681cb54a2
  languageName: node
  linkType: hard

"which-typed-array@npm:^1.1.16":
  version: 1.1.19
  resolution: "which-typed-array@npm:1.1.19"
  dependencies:
    available-typed-arrays: ^1.0.7
    call-bind: ^1.0.8
    call-bound: ^1.0.4
    for-each: ^0.3.5
    get-proto: ^1.0.1
    gopd: ^1.2.0
    has-tostringtag: ^1.0.2
  checksum: 162d2a07f68ea323f88ed9419861487ce5d02cb876f2cf9dd1e428d04a63133f93a54f89308f337b27cabd312ee3d027cae4a79002b2f0a85b79b9ef4c190670
  languageName: node
  linkType: hard

"wrappy@npm:1":
  version: 1.0.2
  resolution: "wrappy@npm:1.0.2"
  checksum: 159da4805f7e84a3d003d8841557196034155008f817172d4e986bd591f74aa82aa7db55929a54222309e01079a65a92a9e6414da5a6aa4b01ee44a511ac3ee5
  languageName: node
  linkType: hard

"xtend@npm:^4.0.0":
  version: 4.0.2
  resolution: "xtend@npm:4.0.2"
  checksum: ac5dfa738b21f6e7f0dd6e65e1b3155036d68104e67e5d5d1bde74892e327d7e5636a076f625599dc394330a731861e87343ff184b0047fef1360a7ec0a5a36a
  languageName: node
  linkType: hard

"xz-decompress@npm:^0.2.3":
  version: 0.2.3
  resolution: "xz-decompress@npm:0.2.3"
  checksum: 44fb7348b4d433a7ac62bb82bce15fc44978dd94f6156acb3b1fbb82d268a5372cb689aed06c003674682083c8d126ee125b95f37294ea51b3f98f63fc667134
  languageName: node
  linkType: hard

"yauzl@npm:^2.4.2":
  version: 2.10.0
  resolution: "yauzl@npm:2.10.0"
  dependencies:
    buffer-crc32: ~0.2.3
    fd-slicer: ~1.1.0
  checksum: 7f21fe0bbad6e2cb130044a5d1d0d5a0e5bf3d8d4f8c4e6ee12163ce798fee3de7388d22a7a0907f563ac5f9d40f8699a223d3d5c1718da90b0156da6904022b
  languageName: node
  linkType: hard

"yauzl@npm:^3.1.2":
  version: 3.2.0
  resolution: "yauzl@npm:3.2.0"
  dependencies:
    buffer-crc32: ~0.2.3
    pend: ~1.2.0
  checksum: d16440447bbc4973cf60c455290d6a394c47b82d449193098b10c69a6cc8f3eb003e361a512d1885ca67c96c95351aadb46bfcc47ee2c73a5134743d99275554
  languageName: node
  linkType: hard
